{
  "originHash" : "9e24fb8d55dbf97d20f5c7c4e73c7c1515eade6d5cf68605f379c4991aae0818",
  "pins" : [
    {
      "identity" : "fluidaudio",
      "kind" : "remoteSourceControl",
      "location" : "https://github.com/FluidInference/FluidAudio.git",
      "state" : {
        "revision" : "19600a485baa4998812e4654b70d2bab8f2c9949",
        "version" : "0.15.5"
      }
    }
  ],
  "version" : 3
}
